schema: '2.0'
stages:
  split:
    cmd: python src/data/data_split.py
    deps:
    - path: data/raw_data/raw.csv
      hash: md5
      md5: 617b56af2992376d5c3e91ad80823898
      size: 333757
    - path: src/data/data_split.py
      hash: md5
      md5: 23fb36e3ad006794753cd40c6c43772d
      size: 750
    outs:
    - path: data/processed_data/X_test.csv
      hash: md5
      md5: f069bc0508e70059c9b7ca479ef26e28
      size: 60274
    - path: data/processed_data/X_train.csv
      hash: md5
      md5: c797218ad6670a63605ecddc850d8a87
      size: 239987
    - path: data/processed_data/y_test.csv
      hash: md5
      md5: 3738f93f228b4914c0c48ba6a9c35298
      size: 6821
    - path: data/processed_data/y_train.csv
      hash: md5
      md5: a9f6c4c8eba38f4177a8cfac86d19e97
      size: 27405
  normalize:
    cmd: python src/data/normalize.py
    deps:
    - path: data/processed_data/X_test.csv
      hash: md5
      md5: f069bc0508e70059c9b7ca479ef26e28
      size: 60274
    - path: data/processed_data/X_train.csv
      hash: md5
      md5: c797218ad6670a63605ecddc850d8a87
      size: 239987
    - path: src/data/normalize.py
      hash: md5
      md5: 3dbfed9a4b3c458f305e464306d3a125
      size: 750
    outs:
    - path: data/processed_data/X_test_scaled.csv
      hash: md5
      md5: eb33f401380d429e1f212e5f38cdcc5f
      size: 57391
    - path: data/processed_data/X_train_scaled.csv
      hash: md5
      md5: be404ef96c19bd97f98a6889f27095d1
      size: 228951
  gridsearch:
    cmd: python src/models/grid_search.py
    deps:
    - path: data/processed_data/X_train_scaled.csv
      hash: md5
      md5: be404ef96c19bd97f98a6889f27095d1
      size: 228951
    - path: data/processed_data/y_train.csv
      hash: md5
      md5: a9f6c4c8eba38f4177a8cfac86d19e97
      size: 27405
    - path: src/models/grid_search.py
      hash: md5
      md5: f9cf3efe9dbf722be09af49b26a440cc
      size: 824
    outs:
    - path: models/best_params.pkl
      hash: md5
      md5: 3cddfb1c7bc54bfd30ae65f9982a7918
      size: 72
  training:
    cmd: python src/models/training.py
    deps:
    - path: data/processed_data/X_train_scaled.csv
      hash: md5
      md5: be404ef96c19bd97f98a6889f27095d1
      size: 228951
    - path: data/processed_data/y_train.csv
      hash: md5
      md5: a9f6c4c8eba38f4177a8cfac86d19e97
      size: 27405
    - path: models/best_params.pkl
      hash: md5
      md5: 3cddfb1c7bc54bfd30ae65f9982a7918
      size: 72
    - path: src/models/training.py
      hash: md5
      md5: 73b9a130ffb1ded2372712d842ca6ab9
      size: 578
    outs:
    - path: models/gbr_model.pkl
      hash: md5
      md5: eebf04d7a055422112a266224e5bcaa5
      size: 214343
  evaluate:
    cmd: python src/models/evaluate.py
    deps:
    - path: data/processed_data/X_test_scaled.csv
      hash: md5
      md5: eb33f401380d429e1f212e5f38cdcc5f
      size: 57391
    - path: data/processed_data/y_test.csv
      hash: md5
      md5: 3738f93f228b4914c0c48ba6a9c35298
      size: 6821
    - path: models/gbr_model.pkl
      hash: md5
      md5: eebf04d7a055422112a266224e5bcaa5
      size: 214343
    - path: src/models/evaluate.py
      hash: md5
      md5: 4feb963fff9927f6eca33ce1a0eca5f9
      size: 723
    outs:
    - path: data/prediction.csv
      hash: md5
      md5: c2f089f03a77843cb88f8d522ea522bd
      size: 7140
    - path: metrics/scores.json
      hash: md5
      md5: 8d4ba0631140dc7237347d3718c19715
      size: 72
